<?xml version="1.0" encoding="utf-8"?>
<Project ToolsVersion="4.0" xmlns="http://schemas.microsoft.com/developer/msbuild/2003">
  <ItemGroup>
    <Filter Include="Source Files">
      <UniqueIdentifier>{a975991e-1716-4ee6-9362-579cda822c24}</UniqueIdentifier>
      <Extensions>cpp;c;cxx;rc;def;r;odl;idl;hpj;bat</Extensions>
    </Filter>
    <Filter Include="Header Files">
      <UniqueIdentifier>{e0a3787f-8364-483f-b57a-0ba383d6a22f}</UniqueIdentifier>
      <Extensions>h;hpp;hxx;hm;inl</Extensions>
    </Filter>
    <Filter Include="Resource Files">
      <UniqueIdentifier>{2bacbd39-7a10-45c0-8001-14489d248fbf}</UniqueIdentifier>
      <Extensions>ico;cur;bmp;dlg;rc2;rct;bin;rgs;gif;jpg;jpeg;jpe</Extensions>
    </Filter>
    <Filter Include="Header Files\vendor">
      <UniqueIdentifier>{65b734fc-2dbf-4294-84ce-c4448ddeaeb4}</UniqueIdentifier>
    </Filter>
    <Filter Include="Source Files\vendor">
      <UniqueIdentifier>{ece3220e-b467-4ab3-ad1b-69717a22bb44}</UniqueIdentifier>
    </Filter>
    <Filter Include="Header Files\handlers">
      <UniqueIdentifier>{eba0cad5-68c8-4ab5-83af-81f4f92f7e56}</UniqueIdentifier>
    </Filter>
  </ItemGroup>
  <ItemGroup>
    <ClCompile Include="Build.cpp">
      <Filter>Source Files</Filter>
    </ClCompile>
    <ClCompile Include="Debug.cpp">
      <Filter>Source Files</Filter>
    </ClCompile>
    <ClCompile Include="Dialog.cpp">
      <Filter>Source Files</Filter>
    </ClCompile>
    <ClCompile Include="FileIO.cpp">
      <Filter>Source Files</Filter>
    </ClCompile>
    <ClCompile Include="Gizmo.cpp">
      <Filter>Source Files</Filter>
    </ClCompile>
    <ClCompile Include="Grid.cpp">
      <Filter>Source Files</Filter>
    </ClCompile>
    <ClCompile Include="Scene.cpp">
      <Filter>Source Files</Filter>
    </ClCompile>
    <ClCompile Include="Settings.cpp">
      <Filter>Source Files</Filter>
    </ClCompile>
    <ClCompile Include="Util.cpp">
      <Filter>Source Files</Filter>
    </ClCompile>
    <ClCompile Include="vendor\cJSON.c">
      <Filter>Source Files\vendor</Filter>
    </ClCompile>
    <ClCompile Include="vendor\fastlz.c">
      <Filter>Source Files\vendor</Filter>
    </ClCompile>
    <ClCompile Include="vendor\microtar.c">
      <Filter>Source Files\vendor</Filter>
    </ClCompile>
    <ClCompile Include="View.cpp">
      <Filter>Source Files</Filter>
    </ClCompile>
    <ClCompile Include="Actor.cpp">
      <Filter>Source Files</Filter>
    </ClCompile>
    <ClCompile Include="Camera.cpp">
      <Filter>Source Files</Filter>
    </ClCompile>
    <ClCompile Include="Model.cpp">
      <Filter>Source Files</Filter>
    </ClCompile>
    <ClCompile Include="Mesh.cpp">
      <Filter>Source Files</Filter>
    </ClCompile>
    <ClCompile Include="Main.cpp">
      <Filter>Source Files</Filter>
    </ClCompile>
  </ItemGroup>
  <ItemGroup>
    <ResourceCompile Include="UltraEd.rc">
      <Filter>Source Files</Filter>
    </ResourceCompile>
  </ItemGroup>
  <ItemGroup>
    <ClInclude Include="Build.h">
      <Filter>Header Files</Filter>
    </ClInclude>
    <ClInclude Include="Common.h">
      <Filter>Header Files</Filter>
    </ClInclude>
    <ClInclude Include="Debug.h">
      <Filter>Header Files</Filter>
    </ClInclude>
    <ClInclude Include="Dialog.h">
      <Filter>Header Files</Filter>
    </ClInclude>
    <ClInclude Include="FileIO.h">
      <Filter>Header Files</Filter>
    </ClInclude>
    <ClInclude Include="Gizmo.h">
      <Filter>Header Files</Filter>
    </ClInclude>
    <ClInclude Include="Grid.h">
      <Filter>Header Files</Filter>
    </ClInclude>
    <ClInclude Include="resource.h">
      <Filter>Header Files</Filter>
    </ClInclude>
    <ClInclude Include="Savable.h">
      <Filter>Header Files</Filter>
    </ClInclude>
    <ClInclude Include="Scene.h">
      <Filter>Header Files</Filter>
    </ClInclude>
    <ClInclude Include="Settings.h">
      <Filter>Header Files</Filter>
    </ClInclude>
    <ClInclude Include="Util.h">
      <Filter>Header Files</Filter>
    </ClInclude>
    <ClInclude Include="Vertex.h">
      <Filter>Header Files</Filter>
    </ClInclude>
    <ClInclude Include="vendor\cJSON.h">
      <Filter>Header Files\vendor</Filter>
    </ClInclude>
    <ClInclude Include="vendor\fastlz.h">
      <Filter>Header Files\vendor</Filter>
    </ClInclude>
    <ClInclude Include="vendor\microtar.h">
      <Filter>Header Files\vendor</Filter>
    </ClInclude>
    <ClInclude Include="vendor\Sci_Position.h">
      <Filter>Header Files\vendor</Filter>
    </ClInclude>
    <ClInclude Include="vendor\SciLexer.h">
      <Filter>Header Files\vendor</Filter>
    </ClInclude>
    <ClInclude Include="vendor\Scintilla.h">
      <Filter>Header Files\vendor</Filter>
    </ClInclude>
    <ClInclude Include="vendor\stb_image.h">
      <Filter>Header Files\vendor</Filter>
    </ClInclude>
    <ClInclude Include="vendor\stb_image_resize.h">
      <Filter>Header Files\vendor</Filter>
    </ClInclude>
    <ClInclude Include="vendor\stb_image_write.h">
      <Filter>Header Files\vendor</Filter>
    </ClInclude>
    <ClInclude Include="View.h">
      <Filter>Header Files</Filter>
    </ClInclude>
    <ClInclude Include="Actor.h">
      <Filter>Header Files</Filter>
    </ClInclude>
    <ClInclude Include="Camera.h">
      <Filter>Header Files</Filter>
    </ClInclude>
    <ClInclude Include="Model.h">
      <Filter>Header Files</Filter>
    </ClInclude>
    <ClInclude Include="Mesh.h">
      <Filter>Header Files</Filter>
    </ClInclude>
    <ClInclude Include="handlers\Toolbar.h">
      <Filter>Header Files\handlers</Filter>
    </ClInclude>
    <ClInclude Include="handlers\Menu.h">
      <Filter>Header Files\handlers</Filter>
    </ClInclude>
    <ClInclude Include="handlers\MouseMenu.h">
      <Filter>Header Files\handlers</Filter>
    </ClInclude>
    <ClInclude Include="handlers\Treeview.h">
      <Filter>Header Files\handlers</Filter>
    </ClInclude>
  </ItemGroup>
  <ItemGroup>
    <Image Include="toolbar.bmp">
      <Filter>Resource Files</Filter>
    </Image>
    <Image Include="ultraed.ico">
      <Filter>Resource Files</Filter>
    </Image>
  </ItemGroup>
</Project>